
Microsoft Visual Studio Solution File, Format Version 12.00
# Visual Studio Version 16
VisualStudioVersion = 16.0.30011.22
MinimumVisualStudioVersion = 10.0.40219.1
Project("{FAE04EC0-301F-11D3-BF4B-00C04F79EFBC}") = "StructuredLogging", "StructuredLogging\StructuredLogging.csproj", "{937418E3-7F79-49EC-8696-22E9F55655FD}"
EndProject
Global
	GlobalSection(SolutionConfigurationPlatforms) = preSolution
		Debug|Any CPU = Debug|Any CPU
		Release|Any CPU = Release|Any CPU
	EndGlobalSection
	GlobalSection(ProjectConfigurationPlatforms) = postSolution
		{937418E3-7F79-49EC-8696-22E9F55655FD}.Debug|Any CPU.ActiveCfg = Debug|Any CPU
		{937418E3-7F79-49EC-8696-22E9F55655FD}.Debug|Any CPU.Build.0 = Debug|Any CPU
		{937418E3-7F79-49EC-8696-22E9F55655FD}.Release|Any CPU.ActiveCfg = Release|Any CPU
		{937418E3-7F79-49EC-8696-22E9F55655FD}.Release|Any CPU.Build.0 = Release|Any CPU
	EndGlobalSection
	GlobalSection(SolutionProperties) = preSolution
		HideSolutionNode = FALSE
	EndGlobalSection
	GlobalSection(ExtensibilityGlobals) = postSolution
		SolutionGuid = {5A31B114-DF32-45C7-B83E-5E12D5AD5068}
	EndGlobalSection
EndGlobal
